
Microsoft Visual Studio Solution File, Format Version 12.00
# Visual Studio Version 17
VisualStudioVersion = 17.5.33414.496
MinimumVisualStudioVersion = 10.0.40219.1
Project("{FAE04EC0-301F-11D3-BF4B-00C04F79EFBC}") = "MyFirstAPI", "MyFirstAPI\MyFirstAPI.csproj", "{D692C2E8-6EA0-41A0-849E-088793D2511F}"
EndProject
Global
	GlobalSection(SolutionConfigurationPlatforms) = preSolution
		Debug|Any CPU = Debug|Any CPU
		Release|Any CPU = Release|Any CPU
	EndGlobalSection
	GlobalSection(ProjectConfigurationPlatforms) = postSolution
		{D692C2E8-6EA0-41A0-849E-088793D2511F}.Debug|Any CPU.ActiveCfg = Debug|Any CPU
		{D692C2E8-6EA0-41A0-849E-088793D2511F}.Debug|Any CPU.Build.0 = Debug|Any CPU
		{D692C2E8-6EA0-41A0-849E-088793D2511F}.Release|Any CPU.ActiveCfg = Release|Any CPU
		{D692C2E8-6EA0-41A0-849E-088793D2511F}.Release|Any CPU.Build.0 = Release|Any CPU
	EndGlobalSection
	GlobalSection(SolutionProperties) = preSolution
		HideSolutionNode = FALSE
	EndGlobalSection
	GlobalSection(ExtensibilityGlobals) = postSolution
		SolutionGuid = {16DF4888-EF19-4D75-9727-B33FE27BB07A}
	EndGlobalSection
EndGlobal
